
Microsoft Visual Studio Solution File, Format Version 12.00
Project("{FAE04EC0-301F-11D3-BF4B-00C04F79EFBC}") = "UranBot", "UranBot\UranBot.csproj", "{0C5C131C-9F92-4A48-AF8D-1DEA9B43D762}"
EndProject
Project("{FAE04EC0-301F-11D3-BF4B-00C04F79EFBC}") = "UranBot.Public", "UranBot.Public\UranBot.Public.csproj", "{24ACC39A-2EA0-4A73-9727-86B2176230A1}"
EndProject
Project("{2150E333-8FDC-42A3-9474-1A3956D46DE8}") = "Plugins", "Plugins", "{9BFD841A-DC5F-4050-99D5-2739FCF3E5F2}"
EndProject
Project("{FAE04EC0-301F-11D3-BF4B-00C04F79EFBC}") = "UranBot.Twitch.Plugin", "Plugins\UranBot.Twitch.Plugin\UranBot.Twitch.Plugin.csproj", "{45DC537B-53A6-476F-946D-55E0E466456D}"
EndProject
Global
	GlobalSection(SolutionConfigurationPlatforms) = preSolution
		Debug|Any CPU = Debug|Any CPU
		Release|Any CPU = Release|Any CPU
	EndGlobalSection
	GlobalSection(ProjectConfigurationPlatforms) = postSolution
		{0C5C131C-9F92-4A48-AF8D-1DEA9B43D762}.Debug|Any CPU.ActiveCfg = Debug|Any CPU
		{0C5C131C-9F92-4A48-AF8D-1DEA9B43D762}.Debug|Any CPU.Build.0 = Debug|Any CPU
		{0C5C131C-9F92-4A48-AF8D-1DEA9B43D762}.Release|Any CPU.ActiveCfg = Release|Any CPU
		{0C5C131C-9F92-4A48-AF8D-1DEA9B43D762}.Release|Any CPU.Build.0 = Release|Any CPU
		{24ACC39A-2EA0-4A73-9727-86B2176230A1}.Debug|Any CPU.ActiveCfg = Debug|Any CPU
		{24ACC39A-2EA0-4A73-9727-86B2176230A1}.Debug|Any CPU.Build.0 = Debug|Any CPU
		{24ACC39A-2EA0-4A73-9727-86B2176230A1}.Release|Any CPU.ActiveCfg = Release|Any CPU
		{24ACC39A-2EA0-4A73-9727-86B2176230A1}.Release|Any CPU.Build.0 = Release|Any CPU
		{45DC537B-53A6-476F-946D-55E0E466456D}.Debug|Any CPU.ActiveCfg = Debug|Any CPU
		{45DC537B-53A6-476F-946D-55E0E466456D}.Debug|Any CPU.Build.0 = Debug|Any CPU
		{45DC537B-53A6-476F-946D-55E0E466456D}.Release|Any CPU.ActiveCfg = Release|Any CPU
		{45DC537B-53A6-476F-946D-55E0E466456D}.Release|Any CPU.Build.0 = Release|Any CPU
	EndGlobalSection
	GlobalSection(NestedProjects) = preSolution
		{45DC537B-53A6-476F-946D-55E0E466456D} = {9BFD841A-DC5F-4050-99D5-2739FCF3E5F2}
	EndGlobalSection
EndGlobal
